
Microsoft Visual Studio Solution File, Format Version 12.00
# Visual Studio Version 16
VisualStudioVersion = 16.0.31019.35
MinimumVisualStudioVersion = 10.0.40219.1
Project("{FAE04EC0-301F-11D3-BF4B-00C04F79EFBC}") = "ViewStateWithCollection", "ViewStateWithCollection.csproj", "{CC289207-7ED7-4DA3-9A6D-FACCD90825F8}"
EndProject
Global
	GlobalSection(SolutionConfigurationPlatforms) = preSolution
		Debug|Any CPU = Debug|Any CPU
		Release|Any CPU = Release|Any CPU
	EndGlobalSection
	GlobalSection(ProjectConfigurationPlatforms) = postSolution
		{CC289207-7ED7-4DA3-9A6D-FACCD90825F8}.Debug|Any CPU.ActiveCfg = Debug|Any CPU
		{CC289207-7ED7-4DA3-9A6D-FACCD90825F8}.Debug|Any CPU.Build.0 = Debug|Any CPU
		{CC289207-7ED7-4DA3-9A6D-FACCD90825F8}.Release|Any CPU.ActiveCfg = Release|Any CPU
		{CC289207-7ED7-4DA3-9A6D-FACCD90825F8}.Release|Any CPU.Build.0 = Release|Any CPU
	EndGlobalSection
	GlobalSection(SolutionProperties) = preSolution
		HideSolutionNode = FALSE
	EndGlobalSection
	GlobalSection(ExtensibilityGlobals) = postSolution
		SolutionGuid = {5807FFD7-FB45-4FCE-B944-9F4538367E18}
	EndGlobalSection
EndGlobal
